[{<<"pipesock">>,
  {git,"https://github.com/ergl/pipesock.git",
       {ref,"074febbf617b475bfd09241b572d4ba46107d4cb"}},
  0},
 {<<"pvc_proto">>,
  {git,"https://github.com/ergl/pvc_proto.git",
       {ref,"fca00d91aa3fc4930eae628b9ff6c595f4afd069"}},
  0},
 {<<"pvc_types">>,
  {git,"https://github.com/ergl/pvc_types.git",
       {ref,"f9f34cca44273e0de791e0bbceb0806eaadc71ca"}},
  0}].
