[{<<"pipesock">>,
  {git,"https://github.com/ergl/pipesock.git",
       {ref,"074febbf617b475bfd09241b572d4ba46107d4cb"}},
  0},
 {<<"pvc_proto">>,
  {git,"https://github.com/ergl/pvc_proto.git",
       {ref,"57c500128978ec5f137d38e40a85a3a751f170b7"}},
  0},
 {<<"pvc_types">>,
  {git,"https://github.com/ergl/pvc_types.git",
       {ref,"f9f34cca44273e0de791e0bbceb0806eaadc71ca"}},
  0}].
