[{<<"pipesock">>,
  {git,"https://github.com/ergl/pipesock.git",
       {ref,"98892db8916ae107139e3a65935fd0c8e2493a60"}},
  0},
 {<<"pvc_proto">>,
  {git,"https://github.com/ergl/pvc_proto.git",
       {ref,"08ef18af4dcd896b6557be6daf65eb89d8fa44d7"}},
  0},
 {<<"pvc_types">>,
  {git,"https://github.com/ergl/pvc_types.git",
       {ref,"f9f34cca44273e0de791e0bbceb0806eaadc71ca"}},
  0}].
